
Microsoft Visual Studio Solution File, Format Version 12.00
# Visual Studio Version 17
VisualStudioVersion = 17.1.32328.378
MinimumVisualStudioVersion = 10.0.40219.1
Project("{FAE04EC0-301F-11D3-BF4B-00C04F79EFBC}") = "NoteTaking", "NoteTaking\NoteTaking.csproj", "{5958E291-EE6C-4C1F-98B7-0F233C7DF183}"
EndProject
Global
	GlobalSection(SolutionConfigurationPlatforms) = preSolution
		Debug|Any CPU = Debug|Any CPU
		Release|Any CPU = Release|Any CPU
	EndGlobalSection
	GlobalSection(ProjectConfigurationPlatforms) = postSolution
		{5958E291-EE6C-4C1F-98B7-0F233C7DF183}.Debug|Any CPU.ActiveCfg = Debug|Any CPU
		{5958E291-EE6C-4C1F-98B7-0F233C7DF183}.Debug|Any CPU.Build.0 = Debug|Any CPU
		{5958E291-EE6C-4C1F-98B7-0F233C7DF183}.Release|Any CPU.ActiveCfg = Release|Any CPU
		{5958E291-EE6C-4C1F-98B7-0F233C7DF183}.Release|Any CPU.Build.0 = Release|Any CPU
	EndGlobalSection
	GlobalSection(SolutionProperties) = preSolution
		HideSolutionNode = FALSE
	EndGlobalSection
	GlobalSection(ExtensibilityGlobals) = postSolution
		SolutionGuid = {3FD23593-A923-4D0C-AF72-9661050C8337}
	EndGlobalSection
EndGlobal
